
Microsoft Visual Studio Solution File, Format Version 11.00
# Visual Studio 2010
Project("{FAE04EC0-301F-11D3-BF4B-00C04F79EFBC}") = "Light", "Light\Light.csproj", "{8EC1D8EC-8843-4487-BA38-EF0ED9705A8E}"
EndProject
Project("{FAE04EC0-301F-11D3-BF4B-00C04F79EFBC}") = "Light.Tests", "Light.Tests\Light.Tests.csproj", "{9BD63839-5A33-470E-B550-7DD93667AB87}"
EndProject
Project("{FAE04EC0-301F-11D3-BF4B-00C04F79EFBC}") = "Light.Compilation", "Light.Compilation\Light.Compilation.csproj", "{863DF2CD-6B8F-499A-AFEE-6F94711D27E8}"
EndProject
Project("{FAE04EC0-301F-11D3-BF4B-00C04F79EFBC}") = "Light.Shell", "Light.Shell\Light.Shell.csproj", "{AFE5B149-4874-42F6-AA02-CEBDB05B0B88}"
EndProject
Project("{2150E333-8FDC-42A3-9474-1A3956D46DE8}") = "Vsip", "Vsip", "{D67334A4-46FB-4095-B615-452D22DA02AF}"
EndProject
Project("{FAE04EC0-301F-11D3-BF4B-00C04F79EFBC}") = "Light.Vsip", "Vsip\Light.Vsip\Light.Vsip.csproj", "{6F8B3019-803D-4E88-8A69-21865F6B8996}"
EndProject
Project("{FAE04EC0-301F-11D3-BF4B-00C04F79EFBC}") = "Light.Vsip.IntegrationTests", "Vsip\Light.Vsip.IntegrationTests\Light.Vsip.IntegrationTests.csproj", "{EB48EFB9-0A28-43BE-A119-7A535E118CDA}"
EndProject
Project("{2150E333-8FDC-42A3-9474-1A3956D46DE8}") = "_", "_", "{F6F9C326-FDC1-4C0B-AE50-67517636E66D}"
	ProjectSection(SolutionItems) = preProject
		VsipKey.snk = VsipKey.snk
	EndProjectSection
EndProject
Project("{FAE04EC0-301F-11D3-BF4B-00C04F79EFBC}") = "Light.Framework", "Light.Framework\Light.Framework.csproj", "{41B33159-C144-4100-8173-6DF320285B23}"
EndProject
Global
	GlobalSection(SolutionConfigurationPlatforms) = preSolution
		Debug|Any CPU = Debug|Any CPU
		Debug|Mixed Platforms = Debug|Mixed Platforms
		Debug|x86 = Debug|x86
		Release|Any CPU = Release|Any CPU
		Release|Mixed Platforms = Release|Mixed Platforms
		Release|x86 = Release|x86
		Vsip Debug|Any CPU = Vsip Debug|Any CPU
		Vsip Debug|Mixed Platforms = Vsip Debug|Mixed Platforms
		Vsip Debug|x86 = Vsip Debug|x86
	EndGlobalSection
	GlobalSection(ProjectConfigurationPlatforms) = postSolution
		{8EC1D8EC-8843-4487-BA38-EF0ED9705A8E}.Debug|Any CPU.ActiveCfg = Debug|Any CPU
		{8EC1D8EC-8843-4487-BA38-EF0ED9705A8E}.Debug|Any CPU.Build.0 = Debug|Any CPU
		{8EC1D8EC-8843-4487-BA38-EF0ED9705A8E}.Debug|Mixed Platforms.ActiveCfg = Debug|Any CPU
		{8EC1D8EC-8843-4487-BA38-EF0ED9705A8E}.Debug|Mixed Platforms.Build.0 = Debug|Any CPU
		{8EC1D8EC-8843-4487-BA38-EF0ED9705A8E}.Debug|x86.ActiveCfg = Debug|Any CPU
		{8EC1D8EC-8843-4487-BA38-EF0ED9705A8E}.Release|Any CPU.ActiveCfg = Release|Any CPU
		{8EC1D8EC-8843-4487-BA38-EF0ED9705A8E}.Release|Any CPU.Build.0 = Release|Any CPU
		{8EC1D8EC-8843-4487-BA38-EF0ED9705A8E}.Release|Mixed Platforms.ActiveCfg = Release|Any CPU
		{8EC1D8EC-8843-4487-BA38-EF0ED9705A8E}.Release|Mixed Platforms.Build.0 = Release|Any CPU
		{8EC1D8EC-8843-4487-BA38-EF0ED9705A8E}.Release|x86.ActiveCfg = Release|Any CPU
		{8EC1D8EC-8843-4487-BA38-EF0ED9705A8E}.Vsip Debug|Any CPU.ActiveCfg = Debug|Any CPU
		{8EC1D8EC-8843-4487-BA38-EF0ED9705A8E}.Vsip Debug|Any CPU.Build.0 = Debug|Any CPU
		{8EC1D8EC-8843-4487-BA38-EF0ED9705A8E}.Vsip Debug|Mixed Platforms.ActiveCfg = Vsip Debug|Any CPU
		{8EC1D8EC-8843-4487-BA38-EF0ED9705A8E}.Vsip Debug|Mixed Platforms.Build.0 = Vsip Debug|Any CPU
		{8EC1D8EC-8843-4487-BA38-EF0ED9705A8E}.Vsip Debug|x86.ActiveCfg = Debug|Any CPU
		{9BD63839-5A33-470E-B550-7DD93667AB87}.Debug|Any CPU.ActiveCfg = Debug|Any CPU
		{9BD63839-5A33-470E-B550-7DD93667AB87}.Debug|Any CPU.Build.0 = Debug|Any CPU
		{9BD63839-5A33-470E-B550-7DD93667AB87}.Debug|Mixed Platforms.ActiveCfg = Debug|Any CPU
		{9BD63839-5A33-470E-B550-7DD93667AB87}.Debug|Mixed Platforms.Build.0 = Debug|Any CPU
		{9BD63839-5A33-470E-B550-7DD93667AB87}.Debug|x86.ActiveCfg = Debug|Any CPU
		{9BD63839-5A33-470E-B550-7DD93667AB87}.Release|Any CPU.ActiveCfg = Release|Any CPU
		{9BD63839-5A33-470E-B550-7DD93667AB87}.Release|Any CPU.Build.0 = Release|Any CPU
		{9BD63839-5A33-470E-B550-7DD93667AB87}.Release|Mixed Platforms.ActiveCfg = Release|Any CPU
		{9BD63839-5A33-470E-B550-7DD93667AB87}.Release|Mixed Platforms.Build.0 = Release|Any CPU
		{9BD63839-5A33-470E-B550-7DD93667AB87}.Release|x86.ActiveCfg = Release|Any CPU
		{9BD63839-5A33-470E-B550-7DD93667AB87}.Vsip Debug|Any CPU.ActiveCfg = Debug|Any CPU
		{9BD63839-5A33-470E-B550-7DD93667AB87}.Vsip Debug|Any CPU.Build.0 = Debug|Any CPU
		{9BD63839-5A33-470E-B550-7DD93667AB87}.Vsip Debug|Mixed Platforms.ActiveCfg = Debug|Any CPU
		{9BD63839-5A33-470E-B550-7DD93667AB87}.Vsip Debug|Mixed Platforms.Build.0 = Debug|Any CPU
		{9BD63839-5A33-470E-B550-7DD93667AB87}.Vsip Debug|x86.ActiveCfg = Debug|Any CPU
		{863DF2CD-6B8F-499A-AFEE-6F94711D27E8}.Debug|Any CPU.ActiveCfg = Debug|Any CPU
		{863DF2CD-6B8F-499A-AFEE-6F94711D27E8}.Debug|Any CPU.Build.0 = Debug|Any CPU
		{863DF2CD-6B8F-499A-AFEE-6F94711D27E8}.Debug|Mixed Platforms.ActiveCfg = Debug|Any CPU
		{863DF2CD-6B8F-499A-AFEE-6F94711D27E8}.Debug|Mixed Platforms.Build.0 = Debug|Any CPU
		{863DF2CD-6B8F-499A-AFEE-6F94711D27E8}.Debug|x86.ActiveCfg = Debug|Any CPU
		{863DF2CD-6B8F-499A-AFEE-6F94711D27E8}.Release|Any CPU.ActiveCfg = Release|Any CPU
		{863DF2CD-6B8F-499A-AFEE-6F94711D27E8}.Release|Any CPU.Build.0 = Release|Any CPU
		{863DF2CD-6B8F-499A-AFEE-6F94711D27E8}.Release|Mixed Platforms.ActiveCfg = Release|Any CPU
		{863DF2CD-6B8F-499A-AFEE-6F94711D27E8}.Release|Mixed Platforms.Build.0 = Release|Any CPU
		{863DF2CD-6B8F-499A-AFEE-6F94711D27E8}.Release|x86.ActiveCfg = Release|Any CPU
		{863DF2CD-6B8F-499A-AFEE-6F94711D27E8}.Vsip Debug|Any CPU.ActiveCfg = Debug|Any CPU
		{863DF2CD-6B8F-499A-AFEE-6F94711D27E8}.Vsip Debug|Any CPU.Build.0 = Debug|Any CPU
		{863DF2CD-6B8F-499A-AFEE-6F94711D27E8}.Vsip Debug|Mixed Platforms.ActiveCfg = Debug|Any CPU
		{863DF2CD-6B8F-499A-AFEE-6F94711D27E8}.Vsip Debug|Mixed Platforms.Build.0 = Debug|Any CPU
		{863DF2CD-6B8F-499A-AFEE-6F94711D27E8}.Vsip Debug|x86.ActiveCfg = Debug|Any CPU
		{AFE5B149-4874-42F6-AA02-CEBDB05B0B88}.Debug|Any CPU.ActiveCfg = Debug|x86
		{AFE5B149-4874-42F6-AA02-CEBDB05B0B88}.Debug|Mixed Platforms.ActiveCfg = Debug|x86
		{AFE5B149-4874-42F6-AA02-CEBDB05B0B88}.Debug|Mixed Platforms.Build.0 = Debug|x86
		{AFE5B149-4874-42F6-AA02-CEBDB05B0B88}.Debug|x86.ActiveCfg = Debug|x86
		{AFE5B149-4874-42F6-AA02-CEBDB05B0B88}.Debug|x86.Build.0 = Debug|x86
		{AFE5B149-4874-42F6-AA02-CEBDB05B0B88}.Release|Any CPU.ActiveCfg = Release|x86
		{AFE5B149-4874-42F6-AA02-CEBDB05B0B88}.Release|Mixed Platforms.ActiveCfg = Release|x86
		{AFE5B149-4874-42F6-AA02-CEBDB05B0B88}.Release|Mixed Platforms.Build.0 = Release|x86
		{AFE5B149-4874-42F6-AA02-CEBDB05B0B88}.Release|x86.ActiveCfg = Release|x86
		{AFE5B149-4874-42F6-AA02-CEBDB05B0B88}.Release|x86.Build.0 = Release|x86
		{AFE5B149-4874-42F6-AA02-CEBDB05B0B88}.Vsip Debug|Any CPU.ActiveCfg = Debug|x86
		{AFE5B149-4874-42F6-AA02-CEBDB05B0B88}.Vsip Debug|Mixed Platforms.ActiveCfg = Debug|x86
		{AFE5B149-4874-42F6-AA02-CEBDB05B0B88}.Vsip Debug|Mixed Platforms.Build.0 = Debug|x86
		{AFE5B149-4874-42F6-AA02-CEBDB05B0B88}.Vsip Debug|x86.ActiveCfg = Debug|x86
		{AFE5B149-4874-42F6-AA02-CEBDB05B0B88}.Vsip Debug|x86.Build.0 = Debug|x86
		{6F8B3019-803D-4E88-8A69-21865F6B8996}.Debug|Any CPU.ActiveCfg = Debug|Any CPU
		{6F8B3019-803D-4E88-8A69-21865F6B8996}.Debug|Any CPU.Build.0 = Debug|Any CPU
		{6F8B3019-803D-4E88-8A69-21865F6B8996}.Debug|Mixed Platforms.ActiveCfg = Debug|Any CPU
		{6F8B3019-803D-4E88-8A69-21865F6B8996}.Debug|x86.ActiveCfg = Debug|Any CPU
		{6F8B3019-803D-4E88-8A69-21865F6B8996}.Release|Any CPU.ActiveCfg = Release|Any CPU
		{6F8B3019-803D-4E88-8A69-21865F6B8996}.Release|Any CPU.Build.0 = Release|Any CPU
		{6F8B3019-803D-4E88-8A69-21865F6B8996}.Release|Mixed Platforms.ActiveCfg = Release|Any CPU
		{6F8B3019-803D-4E88-8A69-21865F6B8996}.Release|x86.ActiveCfg = Release|Any CPU
		{6F8B3019-803D-4E88-8A69-21865F6B8996}.Vsip Debug|Any CPU.ActiveCfg = Debug|Any CPU
		{6F8B3019-803D-4E88-8A69-21865F6B8996}.Vsip Debug|Any CPU.Build.0 = Debug|Any CPU
		{6F8B3019-803D-4E88-8A69-21865F6B8996}.Vsip Debug|Mixed Platforms.ActiveCfg = Debug|Any CPU
		{6F8B3019-803D-4E88-8A69-21865F6B8996}.Vsip Debug|Mixed Platforms.Build.0 = Debug|Any CPU
		{6F8B3019-803D-4E88-8A69-21865F6B8996}.Vsip Debug|x86.ActiveCfg = Debug|Any CPU
		{EB48EFB9-0A28-43BE-A119-7A535E118CDA}.Debug|Any CPU.ActiveCfg = Debug|Any CPU
		{EB48EFB9-0A28-43BE-A119-7A535E118CDA}.Debug|Any CPU.Build.0 = Debug|Any CPU
		{EB48EFB9-0A28-43BE-A119-7A535E118CDA}.Debug|Mixed Platforms.ActiveCfg = Debug|Any CPU
		{EB48EFB9-0A28-43BE-A119-7A535E118CDA}.Debug|x86.ActiveCfg = Debug|Any CPU
		{EB48EFB9-0A28-43BE-A119-7A535E118CDA}.Release|Any CPU.ActiveCfg = Release|Any CPU
		{EB48EFB9-0A28-43BE-A119-7A535E118CDA}.Release|Any CPU.Build.0 = Release|Any CPU
		{EB48EFB9-0A28-43BE-A119-7A535E118CDA}.Release|Mixed Platforms.ActiveCfg = Release|Any CPU
		{EB48EFB9-0A28-43BE-A119-7A535E118CDA}.Release|x86.ActiveCfg = Release|Any CPU
		{EB48EFB9-0A28-43BE-A119-7A535E118CDA}.Vsip Debug|Any CPU.ActiveCfg = Debug|Any CPU
		{EB48EFB9-0A28-43BE-A119-7A535E118CDA}.Vsip Debug|Any CPU.Build.0 = Debug|Any CPU
		{EB48EFB9-0A28-43BE-A119-7A535E118CDA}.Vsip Debug|Mixed Platforms.ActiveCfg = Debug|Any CPU
		{EB48EFB9-0A28-43BE-A119-7A535E118CDA}.Vsip Debug|Mixed Platforms.Build.0 = Debug|Any CPU
		{EB48EFB9-0A28-43BE-A119-7A535E118CDA}.Vsip Debug|x86.ActiveCfg = Debug|Any CPU
		{41B33159-C144-4100-8173-6DF320285B23}.Debug|Any CPU.ActiveCfg = Debug|Any CPU
		{41B33159-C144-4100-8173-6DF320285B23}.Debug|Any CPU.Build.0 = Debug|Any CPU
		{41B33159-C144-4100-8173-6DF320285B23}.Debug|Mixed Platforms.ActiveCfg = Debug|Any CPU
		{41B33159-C144-4100-8173-6DF320285B23}.Debug|Mixed Platforms.Build.0 = Debug|Any CPU
		{41B33159-C144-4100-8173-6DF320285B23}.Debug|x86.ActiveCfg = Debug|Any CPU
		{41B33159-C144-4100-8173-6DF320285B23}.Release|Any CPU.ActiveCfg = Release|Any CPU
		{41B33159-C144-4100-8173-6DF320285B23}.Release|Any CPU.Build.0 = Release|Any CPU
		{41B33159-C144-4100-8173-6DF320285B23}.Release|Mixed Platforms.ActiveCfg = Release|Any CPU
		{41B33159-C144-4100-8173-6DF320285B23}.Release|Mixed Platforms.Build.0 = Release|Any CPU
		{41B33159-C144-4100-8173-6DF320285B23}.Release|x86.ActiveCfg = Release|Any CPU
		{41B33159-C144-4100-8173-6DF320285B23}.Vsip Debug|Any CPU.ActiveCfg = Debug|Any CPU
		{41B33159-C144-4100-8173-6DF320285B23}.Vsip Debug|Any CPU.Build.0 = Debug|Any CPU
		{41B33159-C144-4100-8173-6DF320285B23}.Vsip Debug|Mixed Platforms.ActiveCfg = Vsip Debug|Any CPU
		{41B33159-C144-4100-8173-6DF320285B23}.Vsip Debug|Mixed Platforms.Build.0 = Vsip Debug|Any CPU
		{41B33159-C144-4100-8173-6DF320285B23}.Vsip Debug|x86.ActiveCfg = Debug|Any CPU
	EndGlobalSection
	GlobalSection(SolutionProperties) = preSolution
		HideSolutionNode = FALSE
	EndGlobalSection
	GlobalSection(NestedProjects) = preSolution
		{6F8B3019-803D-4E88-8A69-21865F6B8996} = {D67334A4-46FB-4095-B615-452D22DA02AF}
		{EB48EFB9-0A28-43BE-A119-7A535E118CDA} = {D67334A4-46FB-4095-B615-452D22DA02AF}
	EndGlobalSection
EndGlobal
